
Microsoft Visual Studio Solution File, Format Version 12.00
# Visual Studio Version 17
VisualStudioVersion = 17.14.36603.0 d17.14
MinimumVisualStudioVersion = 10.0.40219.1
Project("{FAE04EC0-301F-11D3-BF4B-00C04F79EFBC}") = "Api4_Movies", "Api4_Movies\Api4_Movies.csproj", "{304F2B4A-6E9B-4361-9134-AE76C4A4D63B}"
EndProject
Global
	GlobalSection(SolutionConfigurationPlatforms) = preSolution
		Debug|Any CPU = Debug|Any CPU
		Release|Any CPU = Release|Any CPU
	EndGlobalSection
	GlobalSection(ProjectConfigurationPlatforms) = postSolution
		{304F2B4A-6E9B-4361-9134-AE76C4A4D63B}.Debug|Any CPU.ActiveCfg = Debug|Any CPU
		{304F2B4A-6E9B-4361-9134-AE76C4A4D63B}.Debug|Any CPU.Build.0 = Debug|Any CPU
		{304F2B4A-6E9B-4361-9134-AE76C4A4D63B}.Release|Any CPU.ActiveCfg = Release|Any CPU
		{304F2B4A-6E9B-4361-9134-AE76C4A4D63B}.Release|Any CPU.Build.0 = Release|Any CPU
	EndGlobalSection
	GlobalSection(SolutionProperties) = preSolution
		HideSolutionNode = FALSE
	EndGlobalSection
	GlobalSection(ExtensibilityGlobals) = postSolution
		SolutionGuid = {BE87B008-5016-499F-AF49-B2360341D986}
	EndGlobalSection
EndGlobal
